// !$*UTF8*$!
{
	archiveVersion = 1;
	classes = {
	};
	objectVersion = 46;
	objects = {

/* Begin PBXBuildFile section */
		5D3865A41E962BCF00CFEDD1 /* UserDetailViewController+TableView.swift in Sources */ = {isa = PBXBuildFile; fileRef = 5D3865A31E962BCF00CFEDD1 /* UserDetailViewController+TableView.swift */; };
		5D3865A71E962DA400CFEDD1 /* UserTableViewCell.swift in Sources */ = {isa = PBXBuildFile; fileRef = 5D3865A51E962DA400CFEDD1 /* UserTableViewCell.swift */; };
		5D3865A81E962DA400CFEDD1 /* UserTableViewCell.xib in Resources */ = {isa = PBXBuildFile; fileRef = 5D3865A61E962DA400CFEDD1 /* UserTableViewCell.xib */; };
		5DB2FAC81E94FBE200B0A5CB /* AppDelegate.swift in Sources */ = {isa = PBXBuildFile; fileRef = 5DB2FAC71E94FBE200B0A5CB /* AppDelegate.swift */; };
		5DB2FACD1E94FBE200B0A5CB /* Main.storyboard in Resources */ = {isa = PBXBuildFile; fileRef = 5DB2FACB1E94FBE200B0A5CB /* Main.storyboard */; };
		5DB2FACF1E94FBE200B0A5CB /* Assets.xcassets in Resources */ = {isa = PBXBuildFile; fileRef = 5DB2FACE1E94FBE200B0A5CB /* Assets.xcassets */; };
		5DB2FADA1E94FC3C00B0A5CB /* Cartfile in Resources */ = {isa = PBXBuildFile; fileRef = 5DB2FAD91E94FC3C00B0A5CB /* Cartfile */; };
		5DB2FAE61E95015100B0A5CB /* UserListConfigurator.swift in Sources */ = {isa = PBXBuildFile; fileRef = 5DB2FAE01E95015100B0A5CB /* UserListConfigurator.swift */; };
		5DB2FAE71E95015100B0A5CB /* UserListInteractor.swift in Sources */ = {isa = PBXBuildFile; fileRef = 5DB2FAE11E95015100B0A5CB /* UserListInteractor.swift */; };
		5DB2FAE81E95015100B0A5CB /* UserListModels.swift in Sources */ = {isa = PBXBuildFile; fileRef = 5DB2FAE21E95015100B0A5CB /* UserListModels.swift */; };
		5DB2FAE91E95015100B0A5CB /* UserListPresenter.swift in Sources */ = {isa = PBXBuildFile; fileRef = 5DB2FAE31E95015100B0A5CB /* UserListPresenter.swift */; };
		5DB2FAEA1E95015100B0A5CB /* UserListRouter.swift in Sources */ = {isa = PBXBuildFile; fileRef = 5DB2FAE41E95015100B0A5CB /* UserListRouter.swift */; };
		5DB2FAEB1E95015100B0A5CB /* UserListViewController.swift in Sources */ = {isa = PBXBuildFile; fileRef = 5DB2FAE51E95015100B0A5CB /* UserListViewController.swift */; };
		5DB2FAED1E95030F00B0A5CB /* UserListViewController+TableView.swift in Sources */ = {isa = PBXBuildFile; fileRef = 5DB2FAEC1E95030F00B0A5CB /* UserListViewController+TableView.swift */; };
		5DB2FAF51E9506EC00B0A5CB /* Alamofire.framework in Frameworks */ = {isa = PBXBuildFile; fileRef = 5DB2FAF21E9506EC00B0A5CB /* Alamofire.framework */; };
		5DB2FAF61E9506EC00B0A5CB /* Kingfisher.framework in Frameworks */ = {isa = PBXBuildFile; fileRef = 5DB2FAF31E9506EC00B0A5CB /* Kingfisher.framework */; };
		5DB2FAF71E9506EC00B0A5CB /* SwiftyJSON.framework in Frameworks */ = {isa = PBXBuildFile; fileRef = 5DB2FAF41E9506EC00B0A5CB /* SwiftyJSON.framework */; };
		5DB2FAFA1E950A5000B0A5CB /* UserListWorker.swift in Sources */ = {isa = PBXBuildFile; fileRef = 5DB2FAF91E950A5000B0A5CB /* UserListWorker.swift */; };
		5DB2FB011E950BA900B0A5CB /* UserDetailConfigurator.swift in Sources */ = {isa = PBXBuildFile; fileRef = 5DB2FAFB1E950BA900B0A5CB /* UserDetailConfigurator.swift */; };
		5DB2FB021E950BA900B0A5CB /* UserDetailInteractor.swift in Sources */ = {isa = PBXBuildFile; fileRef = 5DB2FAFC1E950BA900B0A5CB /* UserDetailInteractor.swift */; };
		5DB2FB031E950BA900B0A5CB /* UserDetailModels.swift in Sources */ = {isa = PBXBuildFile; fileRef = 5DB2FAFD1E950BA900B0A5CB /* UserDetailModels.swift */; };
		5DB2FB041E950BA900B0A5CB /* UserDetailPresenter.swift in Sources */ = {isa = PBXBuildFile; fileRef = 5DB2FAFE1E950BA900B0A5CB /* UserDetailPresenter.swift */; };
		5DB2FB051E950BA900B0A5CB /* UserDetailRouter.swift in Sources */ = {isa = PBXBuildFile; fileRef = 5DB2FAFF1E950BA900B0A5CB /* UserDetailRouter.swift */; };
		5DB2FB061E950BA900B0A5CB /* UserDetailViewController.swift in Sources */ = {isa = PBXBuildFile; fileRef = 5DB2FB001E950BA900B0A5CB /* UserDetailViewController.swift */; };
		5DB2FB0D1E950C4900B0A5CB /* UserStore.swift in Sources */ = {isa = PBXBuildFile; fileRef = 5DB2FB0C1E950C4900B0A5CB /* UserStore.swift */; };
		5DB2FB101E950CD600B0A5CB /* User.swift in Sources */ = {isa = PBXBuildFile; fileRef = 5DB2FB0F1E950CD600B0A5CB /* User.swift */; };
		5DB2FB121E950CEE00B0A5CB /* Name.swift in Sources */ = {isa = PBXBuildFile; fileRef = 5DB2FB111E950CEE00B0A5CB /* Name.swift */; };
		5DB2FB151E950D4200B0A5CB /* User+Network.swift in Sources */ = {isa = PBXBuildFile; fileRef = 5DB2FB141E950D4200B0A5CB /* User+Network.swift */; };
		5DB2FB171E950D6F00B0A5CB /* Name+Network.swift in Sources */ = {isa = PBXBuildFile; fileRef = 5DB2FB161E950D6F00B0A5CB /* Name+Network.swift */; };
		5DB2FB191E950DCF00B0A5CB /* UserNetworkStore.swift in Sources */ = {isa = PBXBuildFile; fileRef = 5DB2FB181E950DCF00B0A5CB /* UserNetworkStore.swift */; };
		5DB2FB1B1E950DEA00B0A5CB /* UserNetworkRouter.swift in Sources */ = {isa = PBXBuildFile; fileRef = 5DB2FB1A1E950DEA00B0A5CB /* UserNetworkRouter.swift */; };
		5DB2FB1E1E950E5900B0A5CB /* SerializableUtils.swift in Sources */ = {isa = PBXBuildFile; fileRef = 5DB2FB1D1E950E5900B0A5CB /* SerializableUtils.swift */; };
/* End PBXBuildFile section */

/* Begin PBXFileReference section */
		5D3865A31E962BCF00CFEDD1 /* UserDetailViewController+TableView.swift */ = {isa = PBXFileReference; fileEncoding = 4; lastKnownFileType = sourcecode.swift; path = "UserDetailViewController+TableView.swift"; sourceTree = "<group>"; };
		5D3865A51E962DA400CFEDD1 /* UserTableViewCell.swift */ = {isa = PBXFileReference; fileEncoding = 4; lastKnownFileType = sourcecode.swift; path = UserTableViewCell.swift; sourceTree = "<group>"; };
		5D3865A61E962DA400CFEDD1 /* UserTableViewCell.xib */ = {isa = PBXFileReference; fileEncoding = 4; lastKnownFileType = file.xib; path = UserTableViewCell.xib; sourceTree = "<group>"; };
		5DB2FAC41E94FBE200B0A5CB /* Example.app */ = {isa = PBXFileReference; explicitFileType = wrapper.application; includeInIndex = 0; path = Example.app; sourceTree = BUILT_PRODUCTS_DIR; };
		5DB2FAC71E94FBE200B0A5CB /* AppDelegate.swift */ = {isa = PBXFileReference; lastKnownFileType = sourcecode.swift; path = AppDelegate.swift; sourceTree = "<group>"; };
		5DB2FACC1E94FBE200B0A5CB /* Base */ = {isa = PBXFileReference; lastKnownFileType = file.storyboard; name = Base; path = Base.lproj/Main.storyboard; sourceTree = "<group>"; };
		5DB2FACE1E94FBE200B0A5CB /* Assets.xcassets */ = {isa = PBXFileReference; lastKnownFileType = folder.assetcatalog; path = Assets.xcassets; sourceTree = "<group>"; };
		5DB2FAD31E94FBE200B0A5CB /* Info.plist */ = {isa = PBXFileReference; lastKnownFileType = text.plist.xml; path = Info.plist; sourceTree = "<group>"; };
		5DB2FAD91E94FC3C00B0A5CB /* Cartfile */ = {isa = PBXFileReference; fileEncoding = 4; lastKnownFileType = text; path = Cartfile; sourceTree = "<group>"; };
		5DB2FAE01E95015100B0A5CB /* UserListConfigurator.swift */ = {isa = PBXFileReference; fileEncoding = 4; lastKnownFileType = sourcecode.swift; path = UserListConfigurator.swift; sourceTree = "<group>"; };
		5DB2FAE11E95015100B0A5CB /* UserListInteractor.swift */ = {isa = PBXFileReference; fileEncoding = 4; lastKnownFileType = sourcecode.swift; path = UserListInteractor.swift; sourceTree = "<group>"; };
		5DB2FAE21E95015100B0A5CB /* UserListModels.swift */ = {isa = PBXFileReference; fileEncoding = 4; lastKnownFileType = sourcecode.swift; path = UserListModels.swift; sourceTree = "<group>"; };
		5DB2FAE31E95015100B0A5CB /* UserListPresenter.swift */ = {isa = PBXFileReference; fileEncoding = 4; lastKnownFileType = sourcecode.swift; path = UserListPresenter.swift; sourceTree = "<group>"; };
		5DB2FAE41E95015100B0A5CB /* UserListRouter.swift */ = {isa = PBXFileReference; fileEncoding = 4; lastKnownFileType = sourcecode.swift; path = UserListRouter.swift; sourceTree = "<group>"; };
		5DB2FAE51E95015100B0A5CB /* UserListViewController.swift */ = {isa = PBXFileReference; fileEncoding = 4; lastKnownFileType = sourcecode.swift; path = UserListViewController.swift; sourceTree = "<group>"; };
		5DB2FAEC1E95030F00B0A5CB /* UserListViewController+TableView.swift */ = {isa = PBXFileReference; fileEncoding = 4; lastKnownFileType = sourcecode.swift; path = "UserListViewController+TableView.swift"; sourceTree = "<group>"; };
		5DB2FAF21E9506EC00B0A5CB /* Alamofire.framework */ = {isa = PBXFileReference; lastKnownFileType = wrapper.framework; name = Alamofire.framework; path = Carthage/Build/iOS/Alamofire.framework; sourceTree = "<group>"; };
		5DB2FAF31E9506EC00B0A5CB /* Kingfisher.framework */ = {isa = PBXFileReference; lastKnownFileType = wrapper.framework; name = Kingfisher.framework; path = Carthage/Build/iOS/Kingfisher.framework; sourceTree = "<group>"; };
		5DB2FAF41E9506EC00B0A5CB /* SwiftyJSON.framework */ = {isa = PBXFileReference; lastKnownFileType = wrapper.framework; name = SwiftyJSON.framework; path = Carthage/Build/iOS/SwiftyJSON.framework; sourceTree = "<group>"; };
		5DB2FAF91E950A5000B0A5CB /* UserListWorker.swift */ = {isa = PBXFileReference; fileEncoding = 4; lastKnownFileType = sourcecode.swift; path = UserListWorker.swift; sourceTree = "<group>"; };
		5DB2FAFB1E950BA900B0A5CB /* UserDetailConfigurator.swift */ = {isa = PBXFileReference; fileEncoding = 4; lastKnownFileType = sourcecode.swift; path = UserDetailConfigurator.swift; sourceTree = "<group>"; };
		5DB2FAFC1E950BA900B0A5CB /* UserDetailInteractor.swift */ = {isa = PBXFileReference; fileEncoding = 4; lastKnownFileType = sourcecode.swift; path = UserDetailInteractor.swift; sourceTree = "<group>"; };
		5DB2FAFD1E950BA900B0A5CB /* UserDetailModels.swift */ = {isa = PBXFileReference; fileEncoding = 4; lastKnownFileType = sourcecode.swift; path = UserDetailModels.swift; sourceTree = "<group>"; };
		5DB2FAFE1E950BA900B0A5CB /* UserDetailPresenter.swift */ = {isa = PBXFileReference; fileEncoding = 4; lastKnownFileType = sourcecode.swift; path = UserDetailPresenter.swift; sourceTree = "<group>"; };
		5DB2FAFF1E950BA900B0A5CB /* UserDetailRouter.swift */ = {isa = PBXFileReference; fileEncoding = 4; lastKnownFileType = sourcecode.swift; path = UserDetailRouter.swift; sourceTree = "<group>"; };
		5DB2FB001E950BA900B0A5CB /* UserDetailViewController.swift */ = {isa = PBXFileReference; fileEncoding = 4; lastKnownFileType = sourcecode.swift; path = UserDetailViewController.swift; sourceTree = "<group>"; };
		5DB2FB0C1E950C4900B0A5CB /* UserStore.swift */ = {isa = PBXFileReference; fileEncoding = 4; lastKnownFileType = sourcecode.swift; path = UserStore.swift; sourceTree = "<group>"; };
		5DB2FB0F1E950CD600B0A5CB /* User.swift */ = {isa = PBXFileReference; fileEncoding = 4; lastKnownFileType = sourcecode.swift; path = User.swift; sourceTree = "<group>"; };
		5DB2FB111E950CEE00B0A5CB /* Name.swift */ = {isa = PBXFileReference; fileEncoding = 4; lastKnownFileType = sourcecode.swift; path = Name.swift; sourceTree = "<group>"; };
		5DB2FB141E950D4200B0A5CB /* User+Network.swift */ = {isa = PBXFileReference; fileEncoding = 4; lastKnownFileType = sourcecode.swift; path = "User+Network.swift"; sourceTree = "<group>"; };
		5DB2FB161E950D6F00B0A5CB /* Name+Network.swift */ = {isa = PBXFileReference; fileEncoding = 4; lastKnownFileType = sourcecode.swift; path = "Name+Network.swift"; sourceTree = "<group>"; };
		5DB2FB181E950DCF00B0A5CB /* UserNetworkStore.swift */ = {isa = PBXFileReference; fileEncoding = 4; lastKnownFileType = sourcecode.swift; path = UserNetworkStore.swift; sourceTree = "<group>"; };
		5DB2FB1A1E950DEA00B0A5CB /* UserNetworkRouter.swift */ = {isa = PBXFileReference; fileEncoding = 4; lastKnownFileType = sourcecode.swift; path = UserNetworkRouter.swift; sourceTree = "<group>"; };
		5DB2FB1D1E950E5900B0A5CB /* SerializableUtils.swift */ = {isa = PBXFileReference; fileEncoding = 4; lastKnownFileType = sourcecode.swift; path = SerializableUtils.swift; sourceTree = "<group>"; };
/* End PBXFileReference section */

/* Begin PBXFrameworksBuildPhase section */
		5DB2FAC11E94FBE200B0A5CB /* Frameworks */ = {
			isa = PBXFrameworksBuildPhase;
			buildActionMask = 2147483647;
			files = (
				5DB2FAF51E9506EC00B0A5CB /* Alamofire.framework in Frameworks */,
				5DB2FAF61E9506EC00B0A5CB /* Kingfisher.framework in Frameworks */,
				5DB2FAF71E9506EC00B0A5CB /* SwiftyJSON.framework in Frameworks */,
			);
			runOnlyForDeploymentPostprocessing = 0;
		};
/* End PBXFrameworksBuildPhase section */

/* Begin PBXGroup section */
		5DB2FABB1E94FBE200B0A5CB = {
			isa = PBXGroup;
			children = (
				5DB2FAD91E94FC3C00B0A5CB /* Cartfile */,
				5DB2FAC61E94FBE200B0A5CB /* Example */,
				5DB2FAC51E94FBE200B0A5CB /* Products */,
				5DB2FAF11E9506EC00B0A5CB /* Frameworks */,
			);
			sourceTree = "<group>";
		};
		5DB2FAC51E94FBE200B0A5CB /* Products */ = {
			isa = PBXGroup;
			children = (
				5DB2FAC41E94FBE200B0A5CB /* Example.app */,
			);
			name = Products;
			sourceTree = "<group>";
		};
		5DB2FAC61E94FBE200B0A5CB /* Example */ = {
			isa = PBXGroup;
			children = (
				5DB2FB1C1E950E4D00B0A5CB /* Common */,
				5DB2FB071E950C1700B0A5CB /* Services */,
				5DB2FB0E1E950CC200B0A5CB /* Models */,
				5DB2FADD1E95010300B0A5CB /* Scenes */,
				5DB2FAC71E94FBE200B0A5CB /* AppDelegate.swift */,
				5DB2FACB1E94FBE200B0A5CB /* Main.storyboard */,
				5DB2FACE1E94FBE200B0A5CB /* Assets.xcassets */,
				5DB2FAD31E94FBE200B0A5CB /* Info.plist */,
			);
			path = Example;
			sourceTree = "<group>";
		};
		5DB2FADD1E95010300B0A5CB /* Scenes */ = {
			isa = PBXGroup;
			children = (
				5DB2FADE1E95010300B0A5CB /* UserDetail */,
				5DB2FADF1E95010300B0A5CB /* UserList */,
			);
			path = Scenes;
			sourceTree = "<group>";
		};
		5DB2FADE1E95010300B0A5CB /* UserDetail */ = {
			isa = PBXGroup;
			children = (
				5DB2FAFB1E950BA900B0A5CB /* UserDetailConfigurator.swift */,
				5DB2FAFC1E950BA900B0A5CB /* UserDetailInteractor.swift */,
				5DB2FAFD1E950BA900B0A5CB /* UserDetailModels.swift */,
				5DB2FAFE1E950BA900B0A5CB /* UserDetailPresenter.swift */,
				5DB2FAFF1E950BA900B0A5CB /* UserDetailRouter.swift */,
				5DB2FB001E950BA900B0A5CB /* UserDetailViewController.swift */,
				5D3865A31E962BCF00CFEDD1 /* UserDetailViewController+TableView.swift */,
			);
			path = UserDetail;
			sourceTree = "<group>";
		};
		5DB2FADF1E95010300B0A5CB /* UserList */ = {
			isa = PBXGroup;
			children = (
				5DB2FAEE1E9505C400B0A5CB /* UI */,
				5DB2FAE01E95015100B0A5CB /* UserListConfigurator.swift */,
				5DB2FAE11E95015100B0A5CB /* UserListInteractor.swift */,
				5DB2FAE21E95015100B0A5CB /* UserListModels.swift */,
				5DB2FAE31E95015100B0A5CB /* UserListPresenter.swift */,
				5DB2FAE41E95015100B0A5CB /* UserListRouter.swift */,
				5DB2FAE51E95015100B0A5CB /* UserListViewController.swift */,
				5DB2FAEC1E95030F00B0A5CB /* UserListViewController+TableView.swift */,
				5DB2FAF91E950A5000B0A5CB /* UserListWorker.swift */,
			);
			path = UserList;
			sourceTree = "<group>";
		};
		5DB2FAEE1E9505C400B0A5CB /* UI */ = {
			isa = PBXGroup;
			children = (
				5D3865A51E962DA400CFEDD1 /* UserTableViewCell.swift */,
				5D3865A61E962DA400CFEDD1 /* UserTableViewCell.xib */,
			);
			path = UI;
			sourceTree = "<group>";
		};
		5DB2FAF11E9506EC00B0A5CB /* Frameworks */ = {
			isa = PBXGroup;
			children = (
				5DB2FAF21E9506EC00B0A5CB /* Alamofire.framework */,
				5DB2FAF31E9506EC00B0A5CB /* Kingfisher.framework */,
				5DB2FAF41E9506EC00B0A5CB /* SwiftyJSON.framework */,
			);
			name = Frameworks;
			sourceTree = "<group>";
		};
		5DB2FB071E950C1700B0A5CB /* Services */ = {
			isa = PBXGroup;
			children = (
				5DB2FB081E950C1700B0A5CB /* Stores */,
				5DB2FB131E950D2200B0A5CB /* Mappers */,
			);
			path = Services;
			sourceTree = "<group>";
		};
		5DB2FB081E950C1700B0A5CB /* Stores */ = {
			isa = PBXGroup;
			children = (
				5DB2FB091E950C1700B0A5CB /* Definitions */,
				5DB2FB0A1E950C1700B0A5CB /* Network */,
			);
			path = Stores;
			sourceTree = "<group>";
		};
		5DB2FB091E950C1700B0A5CB /* Definitions */ = {
			isa = PBXGroup;
			children = (
				5DB2FB0C1E950C4900B0A5CB /* UserStore.swift */,
			);
			path = Definitions;
			sourceTree = "<group>";
		};
		5DB2FB0A1E950C1700B0A5CB /* Network */ = {
			isa = PBXGroup;
			children = (
				5DB2FB0B1E950C1700B0A5CB /* Router */,
				5DB2FB181E950DCF00B0A5CB /* UserNetworkStore.swift */,
			);
			path = Network;
			sourceTree = "<group>";
		};
		5DB2FB0B1E950C1700B0A5CB /* Router */ = {
			isa = PBXGroup;
			children = (
				5DB2FB1A1E950DEA00B0A5CB /* UserNetworkRouter.swift */,
			);
			path = Router;
			sourceTree = "<group>";
		};
		5DB2FB0E1E950CC200B0A5CB /* Models */ = {
			isa = PBXGroup;
			children = (
				5DB2FB0F1E950CD600B0A5CB /* User.swift */,
				5DB2FB111E950CEE00B0A5CB /* Name.swift */,
			);
			path = Models;
			sourceTree = "<group>";
		};
		5DB2FB131E950D2200B0A5CB /* Mappers */ = {
			isa = PBXGroup;
			children = (
				5DB2FB141E950D4200B0A5CB /* User+Network.swift */,
				5DB2FB161E950D6F00B0A5CB /* Name+Network.swift */,
			);
			path = Mappers;
			sourceTree = "<group>";
		};
		5DB2FB1C1E950E4D00B0A5CB /* Common */ = {
			isa = PBXGroup;
			children = (
				5DB2FB1D1E950E5900B0A5CB /* SerializableUtils.swift */,
			);
			path = Common;
			sourceTree = "<group>";
		};
/* End PBXGroup section */

/* Begin PBXNativeTarget section */
		5DB2FAC31E94FBE200B0A5CB /* Example */ = {
			isa = PBXNativeTarget;
			buildConfigurationList = 5DB2FAD61E94FBE200B0A5CB /* Build configuration list for PBXNativeTarget "Example" */;
			buildPhases = (
				5DB2FAC01E94FBE200B0A5CB /* Sources */,
				5DB2FAC11E94FBE200B0A5CB /* Frameworks */,
				5DB2FAC21E94FBE200B0A5CB /* Resources */,
				5DB2FAF81E9506FB00B0A5CB /* Carthage dSYMs work around */,
			);
			buildRules = (
			);
			dependencies = (
			);
			name = Example;
			productName = Example;
			productReference = 5DB2FAC41E94FBE200B0A5CB /* Example.app */;
			productType = "com.apple.product-type.application";
		};
/* End PBXNativeTarget section */

/* Begin PBXProject section */
		5DB2FABC1E94FBE200B0A5CB /* Project object */ = {
			isa = PBXProject;
			attributes = {
				LastSwiftUpdateCheck = 0830;
				LastUpgradeCheck = 0830;
				ORGANIZATIONNAME = "HELM S.C.P.";
				TargetAttributes = {
					5DB2FAC31E94FBE200B0A5CB = {
						CreatedOnToolsVersion = 8.3;
						ProvisioningStyle = Automatic;
					};
				};
			};
			buildConfigurationList = 5DB2FABF1E94FBE200B0A5CB /* Build configuration list for PBXProject "Example" */;
			compatibilityVersion = "Xcode 3.2";
			developmentRegion = English;
			hasScannedForEncodings = 0;
			knownRegions = (
				en,
				Base,
			);
			mainGroup = 5DB2FABB1E94FBE200B0A5CB;
			productRefGroup = 5DB2FAC51E94FBE200B0A5CB /* Products */;
			projectDirPath = "";
			projectRoot = "";
			targets = (
				5DB2FAC31E94FBE200B0A5CB /* Example */,
			);
		};
/* End PBXProject section */

/* Begin PBXResourcesBuildPhase section */
		5DB2FAC21E94FBE200B0A5CB /* Resources */ = {
			isa = PBXResourcesBuildPhase;
			buildActionMask = 2147483647;
			files = (
				5D3865A81E962DA400CFEDD1 /* UserTableViewCell.xib in Resources */,
				5DB2FACF1E94FBE200B0A5CB /* Assets.xcassets in Resources */,
				5DB2FADA1E94FC3C00B0A5CB /* Cartfile in Resources */,
				5DB2FACD1E94FBE200B0A5CB /* Main.storyboard in Resources */,
			);
			runOnlyForDeploymentPostprocessing = 0;
		};
/* End PBXResourcesBuildPhase section */

/* Begin PBXShellScriptBuildPhase section */
		5DB2FAF81E9506FB00B0A5CB /* Carthage dSYMs work around */ = {
			isa = PBXShellScriptBuildPhase;
			buildActionMask = 2147483647;
			files = (
			);
			inputPaths = (
				"$(SRCROOT)/Carthage/Build/iOS/Kingfisher.framework",
				"$(SRCROOT)/Carthage/Build/iOS/Alamofire.framework",
				"$(SRCROOT)/Carthage/Build/iOS/SwiftyJSON.framework",
			);
			name = "Carthage dSYMs work around";
			outputPaths = (
			);
			runOnlyForDeploymentPostprocessing = 0;
			shellPath = /bin/sh;
			shellScript = "/usr/local/bin/carthage copy-frameworks\n";
		};
/* End PBXShellScriptBuildPhase section */

/* Begin PBXSourcesBuildPhase section */
		5DB2FAC01E94FBE200B0A5CB /* Sources */ = {
			isa = PBXSourcesBuildPhase;
			buildActionMask = 2147483647;
			files = (
				5D3865A41E962BCF00CFEDD1 /* UserDetailViewController+TableView.swift in Sources */,
				5D3865A71E962DA400CFEDD1 /* UserTableViewCell.swift in Sources */,
				5DB2FB061E950BA900B0A5CB /* UserDetailViewController.swift in Sources */,
				5DB2FB041E950BA900B0A5CB /* UserDetailPresenter.swift in Sources */,
				5DB2FB011E950BA900B0A5CB /* UserDetailConfigurator.swift in Sources */,
				5DB2FB031E950BA900B0A5CB /* UserDetailModels.swift in Sources */,
				5DB2FB1B1E950DEA00B0A5CB /* UserNetworkRouter.swift in Sources */,
				5DB2FB051E950BA900B0A5CB /* UserDetailRouter.swift in Sources */,
				5DB2FB0D1E950C4900B0A5CB /* UserStore.swift in Sources */,
				5DB2FAE61E95015100B0A5CB /* UserListConfigurator.swift in Sources */,
				5DB2FAEB1E95015100B0A5CB /* UserListViewController.swift in Sources */,
				5DB2FAED1E95030F00B0A5CB /* UserListViewController+TableView.swift in Sources */,
				5DB2FAE91E95015100B0A5CB /* UserListPresenter.swift in Sources */,
				5DB2FB171E950D6F00B0A5CB /* Name+Network.swift in Sources */,
				5DB2FB1E1E950E5900B0A5CB /* SerializableUtils.swift in Sources */,
				5DB2FAE71E95015100B0A5CB /* UserListInteractor.swift in Sources */,
				5DB2FAEA1E95015100B0A5CB /* UserListRouter.swift in Sources */,
				5DB2FAFA1E950A5000B0A5CB /* UserListWorker.swift in Sources */,
				5DB2FB121E950CEE00B0A5CB /* Name.swift in Sources */,
				5DB2FAE81E95015100B0A5CB /* UserListModels.swift in Sources */,
				5DB2FB191E950DCF00B0A5CB /* UserNetworkStore.swift in Sources */,
				5DB2FAC81E94FBE200B0A5CB /* AppDelegate.swift in Sources */,
				5DB2FB021E950BA900B0A5CB /* UserDetailInteractor.swift in Sources */,
				5DB2FB101E950CD600B0A5CB /* User.swift in Sources */,
				5DB2FB151E950D4200B0A5CB /* User+Network.swift in Sources */,
			);
			runOnlyForDeploymentPostprocessing = 0;
		};
/* End PBXSourcesBuildPhase section */

/* Begin PBXVariantGroup section */
		5DB2FACB1E94FBE200B0A5CB /* Main.storyboard */ = {
			isa = PBXVariantGroup;
			children = (
				5DB2FACC1E94FBE200B0A5CB /* Base */,
			);
			name = Main.storyboard;
			sourceTree = "<group>";
		};
/* End PBXVariantGroup section */

/* Begin XCBuildConfiguration section */
		5DB2FAD41E94FBE200B0A5CB /* Debug */ = {
			isa = XCBuildConfiguration;
			buildSettings = {
				ALWAYS_SEARCH_USER_PATHS = NO;
				CLANG_ANALYZER_NONNULL = YES;
				CLANG_ANALYZER_NUMBER_OBJECT_CONVERSION = YES_AGGRESSIVE;
				CLANG_CXX_LANGUAGE_STANDARD = "gnu++0x";
				CLANG_CXX_LIBRARY = "libc++";
				CLANG_ENABLE_MODULES = YES;
				CLANG_ENABLE_OBJC_ARC = YES;
				CLANG_WARN_BOOL_CONVERSION = YES;
				CLANG_WARN_CONSTANT_CONVERSION = YES;
				CLANG_WARN_DIRECT_OBJC_ISA_USAGE = YES_ERROR;
				CLANG_WARN_DOCUMENTATION_COMMENTS = YES;
				CLANG_WARN_EMPTY_BODY = YES;
				CLANG_WARN_ENUM_CONVERSION = YES;
				CLANG_WARN_INFINITE_RECURSION = YES;
				CLANG_WARN_INT_CONVERSION = YES;
				CLANG_WARN_OBJC_ROOT_CLASS = YES_ERROR;
				CLANG_WARN_SUSPICIOUS_MOVE = YES;
				CLANG_WARN_UNREACHABLE_CODE = YES;
				CLANG_WARN__DUPLICATE_METHOD_MATCH = YES;
				"CODE_SIGN_IDENTITY[sdk=iphoneos*]" = "iPhone Developer";
				COPY_PHASE_STRIP = NO;
				DEBUG_INFORMATION_FORMAT = dwarf;
				ENABLE_STRICT_OBJC_MSGSEND = YES;
				ENABLE_TESTABILITY = YES;
				GCC_C_LANGUAGE_STANDARD = gnu99;
				GCC_DYNAMIC_NO_PIC = NO;
				GCC_NO_COMMON_BLOCKS = YES;
				GCC_OPTIMIZATION_LEVEL = 0;
				GCC_PREPROCESSOR_DEFINITIONS = (
					"DEBUG=1",
					"$(inherited)",
				);
				GCC_WARN_64_TO_32_BIT_CONVERSION = YES;
				GCC_WARN_ABOUT_RETURN_TYPE = YES_ERROR;
				GCC_WARN_UNDECLARED_SELECTOR = YES;
				GCC_WARN_UNINITIALIZED_AUTOS = YES_AGGRESSIVE;
				GCC_WARN_UNUSED_FUNCTION = YES;
				GCC_WARN_UNUSED_VARIABLE = YES;
				IPHONEOS_DEPLOYMENT_TARGET = 10.3;
				MTL_ENABLE_DEBUG_INFO = YES;
				ONLY_ACTIVE_ARCH = YES;
				SDKROOT = iphoneos;
				SWIFT_ACTIVE_COMPILATION_CONDITIONS = DEBUG;
				SWIFT_OPTIMIZATION_LEVEL = "-Onone";
				TARGETED_DEVICE_FAMILY = "1,2";
			};
			name = Debug;
		};
		5DB2FAD51E94FBE200B0A5CB /* Release */ = {
			isa = XCBuildConfiguration;
			buildSettings = {
				ALWAYS_SEARCH_USER_PATHS = NO;
				CLANG_ANALYZER_NONNULL = YES;
				CLANG_ANALYZER_NUMBER_OBJECT_CONVERSION = YES_AGGRESSIVE;
				CLANG_CXX_LANGUAGE_STANDARD = "gnu++0x";
				CLANG_CXX_LIBRARY = "libc++";
				CLANG_ENABLE_MODULES = YES;
				CLANG_ENABLE_OBJC_ARC = YES;
				CLANG_WARN_BOOL_CONVERSION = YES;
				CLANG_WARN_CONSTANT_CONVERSION = YES;
				CLANG_WARN_DIRECT_OBJC_ISA_USAGE = YES_ERROR;
				CLANG_WARN_DOCUMENTATION_COMMENTS = YES;
				CLANG_WARN_EMPTY_BODY = YES;
				CLANG_WARN_ENUM_CONVERSION = YES;
				CLANG_WARN_INFINITE_RECURSION = YES;
				CLANG_WARN_INT_CONVERSION = YES;
				CLANG_WARN_OBJC_ROOT_CLASS = YES_ERROR;
				CLANG_WARN_SUSPICIOUS_MOVE = YES;
				CLANG_WARN_UNREACHABLE_CODE = YES;
				CLANG_WARN__DUPLICATE_METHOD_MATCH = YES;
				"CODE_SIGN_IDENTITY[sdk=iphoneos*]" = "iPhone Developer";
				COPY_PHASE_STRIP = NO;
				DEBUG_INFORMATION_FORMAT = "dwarf-with-dsym";
				ENABLE_NS_ASSERTIONS = NO;
				ENABLE_STRICT_OBJC_MSGSEND = YES;
				GCC_C_LANGUAGE_STANDARD = gnu99;
				GCC_NO_COMMON_BLOCKS = YES;
				GCC_WARN_64_TO_32_BIT_CONVERSION = YES;
				GCC_WARN_ABOUT_RETURN_TYPE = YES_ERROR;
				GCC_WARN_UNDECLARED_SELECTOR = YES;
				GCC_WARN_UNINITIALIZED_AUTOS = YES_AGGRESSIVE;
				GCC_WARN_UNUSED_FUNCTION = YES;
				GCC_WARN_UNUSED_VARIABLE = YES;
				IPHONEOS_DEPLOYMENT_TARGET = 10.3;
				MTL_ENABLE_DEBUG_INFO = NO;
				SDKROOT = iphoneos;
				SWIFT_OPTIMIZATION_LEVEL = "-Owholemodule";
				TARGETED_DEVICE_FAMILY = "1,2";
				VALIDATE_PRODUCT = YES;
			};
			name = Release;
		};
		5DB2FAD71E94FBE200B0A5CB /* Debug */ = {
			isa = XCBuildConfiguration;
			buildSettings = {
				ASSETCATALOG_COMPILER_APPICON_NAME = AppIcon;
				FRAMEWORK_SEARCH_PATHS = (
					"$(inherited)",
					"$(PROJECT_DIR)/Carthage/Build/iOS",
				);
				INFOPLIST_FILE = Example/Info.plist;
				LD_RUNPATH_SEARCH_PATHS = "$(inherited) @executable_path/Frameworks";
				PRODUCT_BUNDLE_IDENTIFIER = cat.helm.Example;
				PRODUCT_NAME = "$(TARGET_NAME)";
				SWIFT_VERSION = 3.0;
			};
			name = Debug;
		};
		5DB2FAD81E94FBE200B0A5CB /* Release */ = {
			isa = XCBuildConfiguration;
			buildSettings = {
				ASSETCATALOG_COMPILER_APPICON_NAME = AppIcon;
				FRAMEWORK_SEARCH_PATHS = (
					"$(inherited)",
					"$(PROJECT_DIR)/Carthage/Build/iOS",
				);
				INFOPLIST_FILE = Example/Info.plist;
				LD_RUNPATH_SEARCH_PATHS = "$(inherited) @executable_path/Frameworks";
				PRODUCT_BUNDLE_IDENTIFIER = cat.helm.Example;
				PRODUCT_NAME = "$(TARGET_NAME)";
				SWIFT_VERSION = 3.0;
			};
			name = Release;
		};
/* End XCBuildConfiguration section */

/* Begin XCConfigurationList section */
		5DB2FABF1E94FBE200B0A5CB /* Build configuration list for PBXProject "Example" */ = {
			isa = XCConfigurationList;
			buildConfigurations = (
				5DB2FAD41E94FBE200B0A5CB /* Debug */,
				5DB2FAD51E94FBE200B0A5CB /* Release */,
			);
			defaultConfigurationIsVisible = 0;
			defaultConfigurationName = Release;
		};
		5DB2FAD61E94FBE200B0A5CB /* Build configuration list for PBXNativeTarget "Example" */ = {
			isa = XCConfigurationList;
			buildConfigurations = (
				5DB2FAD71E94FBE200B0A5CB /* Debug */,
				5DB2FAD81E94FBE200B0A5CB /* Release */,
			);
			defaultConfigurationIsVisible = 0;
			defaultConfigurationName = Release;
		};
/* End XCConfigurationList section */
	};
	rootObject = 5DB2FABC1E94FBE200B0A5CB /* Project object */;
}
